github.com/google/go-cmp v0.5.1 h1:JFrFEBb2xKufg6XkJsJr+WbKb4FQlURi5RUcBveYu9k=
github.com/google/go-cmp v0.5.1/go.mod h1:v8dTdLbMG2kIc/vJvl+f65V22dbkXbowE6jgT/gNBxE=
github.com/jschaf/bibtex v0.0.0-20230605202944-017d10381faa h1:uesZktZz/se7rPGMmCeXlz99PGvAwQXNFqDEZn4UWqM=
github.com/jschaf/bibtex v0.0.0-20230605202944-017d10381faa/go.mod h1:IaJP0gbRj/M1rpWWS7VLtOM4Akt1qa79rV8H8OcGT2g=
golang.org/x/xerrors v0.0.0-20191204190536-9bdfabe68543 h1:E7g+9GITq07hpfrRu66IVDexMakfv52eLZ2CXBWiKr4=
golang.org/x/xerrors v0.0.0-20191204190536-9bdfabe68543/go.mod h1:I/5z698sn9Ka8TeJc9MKroUUfqBBauWjQqLJ2OPfmY0=
